// !$*UTF8*$!
{
	archiveVersion = 1;
	classes = {
	};
	objectVersion = 46;
	objects = {

/* Begin PBXBuildFile section */
		AA3C8AE0894135CE16FBAD9F /* Pods_CompPlants2.framework in Frameworks */ = {isa = PBXBuildFile; fileRef = 8894E32C88F504DFCC6880A7 /* Pods_CompPlants2.framework */; settings = {ATTRIBUTES = (Required, ); }; };
		B00707371EE8CB1E0080F170 /* compPlantTBL.json in Resources */ = {isa = PBXBuildFile; fileRef = B00707361EE8CB1E0080F170 /* compPlantTBL.json */; };
		B04ED0411EDBF50D00AA8682 /* AppDelegate.swift in Sources */ = {isa = PBXBuildFile; fileRef = B04ED0401EDBF50D00AA8682 /* AppDelegate.swift */; };
		B04ED0431EDBF50D00AA8682 /* ViewController.swift in Sources */ = {isa = PBXBuildFile; fileRef = B04ED0421EDBF50D00AA8682 /* ViewController.swift */; };
		B04ED0461EDBF50D00AA8682 /* Main.storyboard in Resources */ = {isa = PBXBuildFile; fileRef = B04ED0441EDBF50D00AA8682 /* Main.storyboard */; };
		B04ED0481EDBF50D00AA8682 /* Assets.xcassets in Resources */ = {isa = PBXBuildFile; fileRef = B04ED0471EDBF50D00AA8682 /* Assets.xcassets */; };
		B04ED04B1EDBF50D00AA8682 /* LaunchScreen.storyboard in Resources */ = {isa = PBXBuildFile; fileRef = B04ED0491EDBF50D00AA8682 /* LaunchScreen.storyboard */; };
		B04ED0531EDBF65900AA8682 /* CompListTableViewController.swift in Sources */ = {isa = PBXBuildFile; fileRef = B04ED0521EDBF65900AA8682 /* CompListTableViewController.swift */; };
		B04ED0551EDC077A00AA8682 /* CustomViewCell.swift in Sources */ = {isa = PBXBuildFile; fileRef = B04ED0541EDC077A00AA8682 /* CustomViewCell.swift */; };
		B04ED0571EDC250F00AA8682 /* CompDetailViewController.swift in Sources */ = {isa = PBXBuildFile; fileRef = B04ED0561EDC250F00AA8682 /* CompDetailViewController.swift */; };
		B04ED0591EDC254B00AA8682 /* CompDetailCell.swift in Sources */ = {isa = PBXBuildFile; fileRef = B04ED0581EDC254B00AA8682 /* CompDetailCell.swift */; };
		B0777DB01EE1048C00311108 /* Localizable.strings in Resources */ = {isa = PBXBuildFile; fileRef = B0777DB21EE1048C00311108 /* Localizable.strings */; };
/* End PBXBuildFile section */

/* Begin PBXFileReference section */
		81FD7AE81E0FFD75277D35FB /* Pods-CompPlants2.debug.xcconfig */ = {isa = PBXFileReference; includeInIndex = 1; lastKnownFileType = text.xcconfig; name = "Pods-CompPlants2.debug.xcconfig"; path = "Pods/Target Support Files/Pods-CompPlants2/Pods-CompPlants2.debug.xcconfig"; sourceTree = "<group>"; };
		8894E32C88F504DFCC6880A7 /* Pods_CompPlants2.framework */ = {isa = PBXFileReference; explicitFileType = wrapper.framework; includeInIndex = 0; path = Pods_CompPlants2.framework; sourceTree = BUILT_PRODUCTS_DIR; };
		B00707361EE8CB1E0080F170 /* compPlantTBL.json */ = {isa = PBXFileReference; fileEncoding = 4; lastKnownFileType = text.json; path = compPlantTBL.json; sourceTree = SOURCE_ROOT; };
		B04ED03D1EDBF50D00AA8682 /* CompPlants2.app */ = {isa = PBXFileReference; explicitFileType = wrapper.application; includeInIndex = 0; path = CompPlants2.app; sourceTree = BUILT_PRODUCTS_DIR; };
		B04ED0401EDBF50D00AA8682 /* AppDelegate.swift */ = {isa = PBXFileReference; lastKnownFileType = sourcecode.swift; path = AppDelegate.swift; sourceTree = "<group>"; };
		B04ED0421EDBF50D00AA8682 /* ViewController.swift */ = {isa = PBXFileReference; lastKnownFileType = sourcecode.swift; path = ViewController.swift; sourceTree = "<group>"; };
		B04ED0451EDBF50D00AA8682 /* Base */ = {isa = PBXFileReference; lastKnownFileType = file.storyboard; name = Base; path = Base.lproj/Main.storyboard; sourceTree = "<group>"; };
		B04ED0471EDBF50D00AA8682 /* Assets.xcassets */ = {isa = PBXFileReference; lastKnownFileType = folder.assetcatalog; path = Assets.xcassets; sourceTree = "<group>"; };
		B04ED04A1EDBF50D00AA8682 /* Base */ = {isa = PBXFileReference; lastKnownFileType = file.storyboard; name = Base; path = Base.lproj/LaunchScreen.storyboard; sourceTree = "<group>"; };
		B04ED04C1EDBF50D00AA8682 /* Info.plist */ = {isa = PBXFileReference; lastKnownFileType = text.plist.xml; path = Info.plist; sourceTree = "<group>"; };
		B04ED0521EDBF65900AA8682 /* CompListTableViewController.swift */ = {isa = PBXFileReference; fileEncoding = 4; lastKnownFileType = sourcecode.swift; path = CompListTableViewController.swift; sourceTree = "<group>"; };
		B04ED0541EDC077A00AA8682 /* CustomViewCell.swift */ = {isa = PBXFileReference; fileEncoding = 4; lastKnownFileType = sourcecode.swift; path = CustomViewCell.swift; sourceTree = "<group>"; };
		B04ED0561EDC250F00AA8682 /* CompDetailViewController.swift */ = {isa = PBXFileReference; fileEncoding = 4; lastKnownFileType = sourcecode.swift; path = CompDetailViewController.swift; sourceTree = "<group>"; };
		B04ED0581EDC254B00AA8682 /* CompDetailCell.swift */ = {isa = PBXFileReference; fileEncoding = 4; lastKnownFileType = sourcecode.swift; path = CompDetailCell.swift; sourceTree = "<group>"; };
		B0777DAC1EE1031200311108 /* ja */ = {isa = PBXFileReference; lastKnownFileType = text.plist.strings; name = ja; path = ja.lproj/Main.strings; sourceTree = "<group>"; };
		B0777DAD1EE1031200311108 /* ja */ = {isa = PBXFileReference; lastKnownFileType = text.plist.strings; name = ja; path = ja.lproj/LaunchScreen.strings; sourceTree = "<group>"; };
		B0777DB11EE1048C00311108 /* Base */ = {isa = PBXFileReference; lastKnownFileType = text.plist.strings; name = Base; path = Base.lproj/Localizable.strings; sourceTree = "<group>"; };
		B0777DB31EE104AB00311108 /* ja */ = {isa = PBXFileReference; lastKnownFileType = text.plist.strings; name = ja; path = ja.lproj/Localizable.strings; sourceTree = "<group>"; };
		B31815E103F179F2B8E38AA3 /* Pods-CompPlants2.release.xcconfig */ = {isa = PBXFileReference; includeInIndex = 1; lastKnownFileType = text.xcconfig; name = "Pods-CompPlants2.release.xcconfig"; path = "Pods/Target Support Files/Pods-CompPlants2/Pods-CompPlants2.release.xcconfig"; sourceTree = "<group>"; };
/* End PBXFileReference section */

/* Begin PBXFrameworksBuildPhase section */
		B04ED03A1EDBF50D00AA8682 /* Frameworks */ = {
			isa = PBXFrameworksBuildPhase;
			buildActionMask = 2147483647;
			files = (
				AA3C8AE0894135CE16FBAD9F /* Pods_CompPlants2.framework in Frameworks */,
			);
			runOnlyForDeploymentPostprocessing = 0;
		};
/* End PBXFrameworksBuildPhase section */

/* Begin PBXGroup section */
		41DCF5D25B517D43CEEFFB08 /* Pods */ = {
			isa = PBXGroup;
			children = (
				81FD7AE81E0FFD75277D35FB /* Pods-CompPlants2.debug.xcconfig */,
				B31815E103F179F2B8E38AA3 /* Pods-CompPlants2.release.xcconfig */,
			);
			name = Pods;
			sourceTree = "<group>";
		};
		A8B56533A5E611719EB66033 /* Frameworks */ = {
			isa = PBXGroup;
			children = (
				8894E32C88F504DFCC6880A7 /* Pods_CompPlants2.framework */,
			);
			name = Frameworks;
			sourceTree = "<group>";
		};
		B04ED0341EDBF50D00AA8682 = {
			isa = PBXGroup;
			children = (
				B04ED03F1EDBF50D00AA8682 /* CompPlants2 */,
				B04ED03E1EDBF50D00AA8682 /* Products */,
				41DCF5D25B517D43CEEFFB08 /* Pods */,
				A8B56533A5E611719EB66033 /* Frameworks */,
			);
			sourceTree = "<group>";
		};
		B04ED03E1EDBF50D00AA8682 /* Products */ = {
			isa = PBXGroup;
			children = (
				B04ED03D1EDBF50D00AA8682 /* CompPlants2.app */,
			);
			name = Products;
			sourceTree = "<group>";
		};
		B04ED03F1EDBF50D00AA8682 /* CompPlants2 */ = {
			isa = PBXGroup;
			children = (
				B00707361EE8CB1E0080F170 /* compPlantTBL.json */,
				B04ED0401EDBF50D00AA8682 /* AppDelegate.swift */,
				B04ED0421EDBF50D00AA8682 /* ViewController.swift */,
				B04ED0441EDBF50D00AA8682 /* Main.storyboard */,
				B04ED0561EDC250F00AA8682 /* CompDetailViewController.swift */,
				B04ED0581EDC254B00AA8682 /* CompDetailCell.swift */,
				B04ED0521EDBF65900AA8682 /* CompListTableViewController.swift */,
				B04ED0541EDC077A00AA8682 /* CustomViewCell.swift */,
				B04ED0471EDBF50D00AA8682 /* Assets.xcassets */,
				B04ED0491EDBF50D00AA8682 /* LaunchScreen.storyboard */,
				B04ED04C1EDBF50D00AA8682 /* Info.plist */,
				B0777DB21EE1048C00311108 /* Localizable.strings */,
			);
			path = CompPlants2;
			sourceTree = "<group>";
		};
/* End PBXGroup section */

/* Begin PBXNativeTarget section */
		B04ED03C1EDBF50D00AA8682 /* CompPlants2 */ = {
			isa = PBXNativeTarget;
			buildConfigurationList = B04ED04F1EDBF50D00AA8682 /* Build configuration list for PBXNativeTarget "CompPlants2" */;
			buildPhases = (
				33853E3880275C58861F5461 /* [CP] Check Pods Manifest.lock */,
				B04ED0391EDBF50D00AA8682 /* Sources */,
				B04ED03A1EDBF50D00AA8682 /* Frameworks */,
				B04ED03B1EDBF50D00AA8682 /* Resources */,
				BE51BDED2048834456FA0DCE /* [CP] Embed Pods Frameworks */,
				57E62DFA46B80498D3EF1F4C /* [CP] Copy Pods Resources */,
			);
			buildRules = (
			);
			dependencies = (
			);
			name = CompPlants2;
			productName = CompPlants2;
			productReference = B04ED03D1EDBF50D00AA8682 /* CompPlants2.app */;
			productType = "com.apple.product-type.application";
		};
/* End PBXNativeTarget section */

/* Begin PBXProject section */
		B04ED0351EDBF50D00AA8682 /* Project object */ = {
			isa = PBXProject;
			attributes = {
				LastSwiftUpdateCheck = 0830;
				LastUpgradeCheck = 0830;
				ORGANIZATIONNAME = Takuya;
				TargetAttributes = {
					B04ED03C1EDBF50D00AA8682 = {
						CreatedOnToolsVersion = 8.3.2;
						DevelopmentTeam = 3URH8WP2DC;
						ProvisioningStyle = Automatic;
					};
				};
			};
			buildConfigurationList = B04ED0381EDBF50D00AA8682 /* Build configuration list for PBXProject "CompPlants2" */;
			compatibilityVersion = "Xcode 3.2";
			developmentRegion = English;
			hasScannedForEncodings = 0;
			knownRegions = (
				en,
				Base,
				ja,
			);
			mainGroup = B04ED0341EDBF50D00AA8682;
			productRefGroup = B04ED03E1EDBF50D00AA8682 /* Products */;
			projectDirPath = "";
			projectRoot = "";
			targets = (
				B04ED03C1EDBF50D00AA8682 /* CompPlants2 */,
			);
		};
/* End PBXProject section */

/* Begin PBXResourcesBuildPhase section */
		B04ED03B1EDBF50D00AA8682 /* Resources */ = {
			isa = PBXResourcesBuildPhase;
			buildActionMask = 2147483647;
			files = (
				B04ED04B1EDBF50D00AA8682 /* LaunchScreen.storyboard in Resources */,
				B00707371EE8CB1E0080F170 /* compPlantTBL.json in Resources */,
				B0777DB01EE1048C00311108 /* Localizable.strings in Resources */,
				B04ED0481EDBF50D00AA8682 /* Assets.xcassets in Resources */,
				B04ED0461EDBF50D00AA8682 /* Main.storyboard in Resources */,
			);
			runOnlyForDeploymentPostprocessing = 0;
		};
/* End PBXResourcesBuildPhase section */

/* Begin PBXShellScriptBuildPhase section */
		33853E3880275C58861F5461 /* [CP] Check Pods Manifest.lock */ = {
			isa = PBXShellScriptBuildPhase;
			buildActionMask = 2147483647;
			files = (
			);
			inputPaths = (
			);
			name = "[CP] Check Pods Manifest.lock";
			outputPaths = (
			);
			runOnlyForDeploymentPostprocessing = 0;
			shellPath = /bin/sh;
			shellScript = "diff \"${PODS_PODFILE_DIR_PATH}/Podfile.lock\" \"${PODS_ROOT}/Manifest.lock\" > /dev/null\nif [ $? != 0 ] ; then\n    # print error to STDERR\n    echo \"error: The sandbox is not in sync with the Podfile.lock. Run 'pod install' or update your CocoaPods installation.\" >&2\n    exit 1\nfi\n";
			showEnvVarsInLog = 0;
		};
		57E62DFA46B80498D3EF1F4C /* [CP] Copy Pods Resources */ = {
			isa = PBXShellScriptBuildPhase;
			buildActionMask = 2147483647;
			files = (
			);
			inputPaths = (
			);
			name = "[CP] Copy Pods Resources";
			outputPaths = (
			);
			runOnlyForDeploymentPostprocessing = 0;
			shellPath = /bin/sh;
			shellScript = "\"${SRCROOT}/Pods/Target Support Files/Pods-CompPlants2/Pods-CompPlants2-resources.sh\"\n";
			showEnvVarsInLog = 0;
		};
		BE51BDED2048834456FA0DCE /* [CP] Embed Pods Frameworks */ = {
			isa = PBXShellScriptBuildPhase;
			buildActionMask = 2147483647;
			files = (
			);
			inputPaths = (
			);
			name = "[CP] Embed Pods Frameworks";
			outputPaths = (
			);
			runOnlyForDeploymentPostprocessing = 0;
			shellPath = /bin/sh;
			shellScript = "\"${SRCROOT}/Pods/Target Support Files/Pods-CompPlants2/Pods-CompPlants2-frameworks.sh\"\n";
			showEnvVarsInLog = 0;
		};
/* End PBXShellScriptBuildPhase section */

/* Begin PBXSourcesBuildPhase section */
		B04ED0391EDBF50D00AA8682 /* Sources */ = {
			isa = PBXSourcesBuildPhase;
			buildActionMask = 2147483647;
			files = (
				B04ED0431EDBF50D00AA8682 /* ViewController.swift in Sources */,
				B04ED0551EDC077A00AA8682 /* CustomViewCell.swift in Sources */,
				B04ED0571EDC250F00AA8682 /* CompDetailViewController.swift in Sources */,
				B04ED0591EDC254B00AA8682 /* CompDetailCell.swift in Sources */,
				B04ED0411EDBF50D00AA8682 /* AppDelegate.swift in Sources */,
				B04ED0531EDBF65900AA8682 /* CompListTableViewController.swift in Sources */,
			);
			runOnlyForDeploymentPostprocessing = 0;
		};
/* End PBXSourcesBuildPhase section */

/* Begin PBXVariantGroup section */
		B04ED0441EDBF50D00AA8682 /* Main.storyboard */ = {
			isa = PBXVariantGroup;
			children = (
				B04ED0451EDBF50D00AA8682 /* Base */,
				B0777DAC1EE1031200311108 /* ja */,
			);
			name = Main.storyboard;
			sourceTree = "<group>";
		};
		B04ED0491EDBF50D00AA8682 /* LaunchScreen.storyboard */ = {
			isa = PBXVariantGroup;
			children = (
				B04ED04A1EDBF50D00AA8682 /* Base */,
				B0777DAD1EE1031200311108 /* ja */,
			);
			name = LaunchScreen.storyboard;
			sourceTree = "<group>";
		};
		B0777DB21EE1048C00311108 /* Localizable.strings */ = {
			isa = PBXVariantGroup;
			children = (
				B0777DB11EE1048C00311108 /* Base */,
				B0777DB31EE104AB00311108 /* ja */,
			);
			name = Localizable.strings;
			sourceTree = "<group>";
		};
/* End PBXVariantGroup section */

/* Begin XCBuildConfiguration section */
		B04ED04D1EDBF50D00AA8682 /* Debug */ = {
			isa = XCBuildConfiguration;
			buildSettings = {
				ALWAYS_SEARCH_USER_PATHS = NO;
				CLANG_ANALYZER_LOCALIZABILITY_NONLOCALIZED = YES;
				CLANG_ANALYZER_NONNULL = YES;
				CLANG_ANALYZER_NUMBER_OBJECT_CONVERSION = YES_AGGRESSIVE;
				CLANG_CXX_LANGUAGE_STANDARD = "gnu++0x";
				CLANG_CXX_LIBRARY = "libc++";
				CLANG_ENABLE_MODULES = YES;
				CLANG_ENABLE_OBJC_ARC = YES;
				CLANG_WARN_BOOL_CONVERSION = YES;
				CLANG_WARN_CONSTANT_CONVERSION = YES;
				CLANG_WARN_DIRECT_OBJC_ISA_USAGE = YES_ERROR;
				CLANG_WARN_DOCUMENTATION_COMMENTS = YES;
				CLANG_WARN_EMPTY_BODY = YES;
				CLANG_WARN_ENUM_CONVERSION = YES;
				CLANG_WARN_INFINITE_RECURSION = YES;
				CLANG_WARN_INT_CONVERSION = YES;
				CLANG_WARN_OBJC_ROOT_CLASS = YES_ERROR;
				CLANG_WARN_SUSPICIOUS_MOVE = YES;
				CLANG_WARN_UNREACHABLE_CODE = YES;
				CLANG_WARN__DUPLICATE_METHOD_MATCH = YES;
				"CODE_SIGN_IDENTITY[sdk=iphoneos*]" = "iPhone Developer";
				COPY_PHASE_STRIP = NO;
				DEBUG_INFORMATION_FORMAT = dwarf;
				ENABLE_STRICT_OBJC_MSGSEND = YES;
				ENABLE_TESTABILITY = YES;
				GCC_C_LANGUAGE_STANDARD = gnu99;
				GCC_DYNAMIC_NO_PIC = NO;
				GCC_NO_COMMON_BLOCKS = YES;
				GCC_OPTIMIZATION_LEVEL = 0;
				GCC_PREPROCESSOR_DEFINITIONS = (
					"DEBUG=1",
					"$(inherited)",
				);
				GCC_WARN_64_TO_32_BIT_CONVERSION = YES;
				GCC_WARN_ABOUT_RETURN_TYPE = YES_ERROR;
				GCC_WARN_UNDECLARED_SELECTOR = YES;
				GCC_WARN_UNINITIALIZED_AUTOS = YES_AGGRESSIVE;
				GCC_WARN_UNUSED_FUNCTION = YES;
				GCC_WARN_UNUSED_VARIABLE = YES;
				IPHONEOS_DEPLOYMENT_TARGET = 10.3;
				MTL_ENABLE_DEBUG_INFO = YES;
				ONLY_ACTIVE_ARCH = YES;
				SDKROOT = iphoneos;
				SWIFT_ACTIVE_COMPILATION_CONDITIONS = DEBUG;
				SWIFT_OPTIMIZATION_LEVEL = "-Onone";
			};
			name = Debug;
		};
		B04ED04E1EDBF50D00AA8682 /* Release */ = {
			isa = XCBuildConfiguration;
			buildSettings = {
				ALWAYS_SEARCH_USER_PATHS = NO;
				CLANG_ANALYZER_LOCALIZABILITY_NONLOCALIZED = YES;
				CLANG_ANALYZER_NONNULL = YES;
				CLANG_ANALYZER_NUMBER_OBJECT_CONVERSION = YES_AGGRESSIVE;
				CLANG_CXX_LANGUAGE_STANDARD = "gnu++0x";
				CLANG_CXX_LIBRARY = "libc++";
				CLANG_ENABLE_MODULES = YES;
				CLANG_ENABLE_OBJC_ARC = YES;
				CLANG_WARN_BOOL_CONVERSION = YES;
				CLANG_WARN_CONSTANT_CONVERSION = YES;
				CLANG_WARN_DIRECT_OBJC_ISA_USAGE = YES_ERROR;
				CLANG_WARN_DOCUMENTATION_COMMENTS = YES;
				CLANG_WARN_EMPTY_BODY = YES;
				CLANG_WARN_ENUM_CONVERSION = YES;
				CLANG_WARN_INFINITE_RECURSION = YES;
				CLANG_WARN_INT_CONVERSION = YES;
				CLANG_WARN_OBJC_ROOT_CLASS = YES_ERROR;
				CLANG_WARN_SUSPICIOUS_MOVE = YES;
				CLANG_WARN_UNREACHABLE_CODE = YES;
				CLANG_WARN__DUPLICATE_METHOD_MATCH = YES;
				"CODE_SIGN_IDENTITY[sdk=iphoneos*]" = "iPhone Developer";
				COPY_PHASE_STRIP = NO;
				DEBUG_INFORMATION_FORMAT = "dwarf-with-dsym";
				ENABLE_NS_ASSERTIONS = NO;
				ENABLE_STRICT_OBJC_MSGSEND = YES;
				GCC_C_LANGUAGE_STANDARD = gnu99;
				GCC_NO_COMMON_BLOCKS = YES;
				GCC_WARN_64_TO_32_BIT_CONVERSION = YES;
				GCC_WARN_ABOUT_RETURN_TYPE = YES_ERROR;
				GCC_WARN_UNDECLARED_SELECTOR = YES;
				GCC_WARN_UNINITIALIZED_AUTOS = YES_AGGRESSIVE;
				GCC_WARN_UNUSED_FUNCTION = YES;
				GCC_WARN_UNUSED_VARIABLE = YES;
				IPHONEOS_DEPLOYMENT_TARGET = 10.3;
				MTL_ENABLE_DEBUG_INFO = NO;
				SDKROOT = iphoneos;
				SWIFT_OPTIMIZATION_LEVEL = "-Owholemodule";
				VALIDATE_PRODUCT = YES;
			};
			name = Release;
		};
		B04ED0501EDBF50D00AA8682 /* Debug */ = {
			isa = XCBuildConfiguration;
			baseConfigurationReference = 81FD7AE81E0FFD75277D35FB /* Pods-CompPlants2.debug.xcconfig */;
			buildSettings = {
				ASSETCATALOG_COMPILER_APPICON_NAME = AppIcon;
				DEVELOPMENT_TEAM = 3URH8WP2DC;
				INFOPLIST_FILE = CompPlants2/Info.plist;
				LD_RUNPATH_SEARCH_PATHS = "$(inherited) @executable_path/Frameworks";
				PRODUCT_BUNDLE_IDENTIFIER = com.takuya.CompPlants2;
				PRODUCT_NAME = "$(TARGET_NAME)";
				SWIFT_VERSION = 3.0;
			};
			name = Debug;
		};
		B04ED0511EDBF50D00AA8682 /* Release */ = {
			isa = XCBuildConfiguration;
			baseConfigurationReference = B31815E103F179F2B8E38AA3 /* Pods-CompPlants2.release.xcconfig */;
			buildSettings = {
				ASSETCATALOG_COMPILER_APPICON_NAME = AppIcon;
				DEVELOPMENT_TEAM = 3URH8WP2DC;
				INFOPLIST_FILE = CompPlants2/Info.plist;
				LD_RUNPATH_SEARCH_PATHS = "$(inherited) @executable_path/Frameworks";
				PRODUCT_BUNDLE_IDENTIFIER = com.takuya.CompPlants2;
				PRODUCT_NAME = "$(TARGET_NAME)";
				SWIFT_VERSION = 3.0;
			};
			name = Release;
		};
/* End XCBuildConfiguration section */

/* Begin XCConfigurationList section */
		B04ED0381EDBF50D00AA8682 /* Build configuration list for PBXProject "CompPlants2" */ = {
			isa = XCConfigurationList;
			buildConfigurations = (
				B04ED04D1EDBF50D00AA8682 /* Debug */,
				B04ED04E1EDBF50D00AA8682 /* Release */,
			);
			defaultConfigurationIsVisible = 0;
			defaultConfigurationName = Release;
		};
		B04ED04F1EDBF50D00AA8682 /* Build configuration list for PBXNativeTarget "CompPlants2" */ = {
			isa = XCConfigurationList;
			buildConfigurations = (
				B04ED0501EDBF50D00AA8682 /* Debug */,
				B04ED0511EDBF50D00AA8682 /* Release */,
			);
			defaultConfigurationIsVisible = 0;
			defaultConfigurationName = Release;
		};
/* End XCConfigurationList section */
	};
	rootObject = B04ED0351EDBF50D00AA8682 /* Project object */;
}
